
Microsoft Visual Studio Solution File, Format Version 12.00
# Visual Studio Version 17
VisualStudioVersion = 17.7.34031.279
MinimumVisualStudioVersion = 10.0.40219.1
Project("{FAE04EC0-301F-11D3-BF4B-00C04F79EFBC}") = "Lab1(Excercise)", "Lab1(Excercise)\Lab1(Excercise).csproj", "{AEBED9D1-07C1-419B-8086-8600B67AA088}"
EndProject
Global
	GlobalSection(SolutionConfigurationPlatforms) = preSolution
		Debug|Any CPU = Debug|Any CPU
		Release|Any CPU = Release|Any CPU
	EndGlobalSection
	GlobalSection(ProjectConfigurationPlatforms) = postSolution
		{AEBED9D1-07C1-419B-8086-8600B67AA088}.Debug|Any CPU.ActiveCfg = Debug|Any CPU
		{AEBED9D1-07C1-419B-8086-8600B67AA088}.Debug|Any CPU.Build.0 = Debug|Any CPU
		{AEBED9D1-07C1-419B-8086-8600B67AA088}.Release|Any CPU.ActiveCfg = Release|Any CPU
		{AEBED9D1-07C1-419B-8086-8600B67AA088}.Release|Any CPU.Build.0 = Release|Any CPU
	EndGlobalSection
	GlobalSection(SolutionProperties) = preSolution
		HideSolutionNode = FALSE
	EndGlobalSection
	GlobalSection(ExtensibilityGlobals) = postSolution
		SolutionGuid = {D7821CF0-E6D3-4FD3-9958-0C539E1D6E34}
	EndGlobalSection
EndGlobal
